
Microsoft Visual Studio Solution File, Format Version 12.00
# Visual Studio Version 17
VisualStudioVersion = 17.11.35327.3
MinimumVisualStudioVersion = 10.0.40219.1
Project("{FAE04EC0-301F-11D3-BF4B-00C04F79EFBC}") = "ConsoleApp5", "ConsoleApp5\ConsoleApp5.csproj", "{B0026E78-97B1-431A-97AF-E971C15C3533}"
EndProject
Global
	GlobalSection(SolutionConfigurationPlatforms) = preSolution
		Debug|Any CPU = Debug|Any CPU
		Release|Any CPU = Release|Any CPU
	EndGlobalSection
	GlobalSection(ProjectConfigurationPlatforms) = postSolution
		{B0026E78-97B1-431A-97AF-E971C15C3533}.Debug|Any CPU.ActiveCfg = Debug|Any CPU
		{B0026E78-97B1-431A-97AF-E971C15C3533}.Debug|Any CPU.Build.0 = Debug|Any CPU
		{B0026E78-97B1-431A-97AF-E971C15C3533}.Release|Any CPU.ActiveCfg = Release|Any CPU
		{B0026E78-97B1-431A-97AF-E971C15C3533}.Release|Any CPU.Build.0 = Release|Any CPU
	EndGlobalSection
	GlobalSection(SolutionProperties) = preSolution
		HideSolutionNode = FALSE
	EndGlobalSection
	GlobalSection(ExtensibilityGlobals) = postSolution
		SolutionGuid = {9F637C0A-F964-46F0-8B4F-A157276D2032}
	EndGlobalSection
EndGlobal
